{"1.2.0",
[{<<"base32">>,{pkg,<<"base32">>,<<"0.1.0">>},1},
 {<<"bear">>,{pkg,<<"bear">>,<<"1.0.0">>},1},
 {<<"cowboy">>,{pkg,<<"cowboy">>,<<"2.12.0">>},0},
 {<<"cowlib">>,{pkg,<<"cowlib">>,<<"2.13.0">>},1},
 {<<"dns_erlang">>,{pkg,<<"dns_erlang">>,<<"1.1.0">>},0},
 {<<"erldns">>,{pkg,<<"erldns">>,<<"1.0.0">>},0},
 {<<"folsom">>,{pkg,<<"folsom">>,<<"1.0.0">>},0},
 {<<"goldrush">>,{pkg,<<"goldrush">>,<<"0.1.9">>},1},
 {<<"iso8601">>,{pkg,<<"iso8601">>,<<"1.3.4">>},1},
 {<<"jsx">>,{pkg,<<"jsx">>,<<"3.1.0">>},0},
 {<<"lager">>,{pkg,<<"lager">>,<<"3.9.2">>},0},
 {<<"ranch">>,{pkg,<<"ranch">>,<<"1.8.0">>},1},
 {<<"recon">>,{pkg,<<"recon">>,<<"2.5.5">>},1}]}.
[
{pkg_hash,[
 {<<"base32">>, <<"044F6DC95709727CA2176F3E97A41DDAA76B5BC690D3536908618C0CB32616A2">>},
 {<<"bear">>, <<"430419C1126B477686CDE843E88BA0F2C7DC5CDF0881C677500074F704339A99">>},
 {<<"cowboy">>, <<"F276D521A1FF88B2B9B4C54D0E753DA6C66DD7BE6C9FCA3D9418B561828A3731">>},
 {<<"cowlib">>, <<"DB8F7505D8332D98EF50A3EF34B34C1AFDDEC7506E4EE4DD4A3A266285D282CA">>},
 {<<"dns_erlang">>, <<"1E3EA9BD45977198F5F1F3B0FBCC52DB3EFE9661669A43DBA4B9F7917460040D">>},
 {<<"erldns">>, <<"58AAECC66CF7C49F511662B120883C6F44F802A1A2F2BAA879B050F99CACDA77">>},
 {<<"folsom">>, <<"50ECC998D2149939F1D5E0AA3E32788F8ED16A58E390D81B5C0BE4CC4EF25589">>},
 {<<"goldrush">>, <<"F06E5D5F1277DA5C413E84D5A2924174182FB108DABB39D5EC548B27424CD106">>},
 {<<"iso8601">>, <<"7B1F095F86F6CF65E1E5A77872E8E8BF69BD58D4C3A415B3F77D9CC9423ECBB9">>},
 {<<"jsx">>, <<"D12516BAA0BB23A59BB35DCCAF02A1BD08243FCBB9EFE24F2D9D056CCFF71268">>},
 {<<"lager">>, <<"4CAB289120EB24964E3886BD22323CB5FEFE4510C076992A23AD18CF85413D8C">>},
 {<<"ranch">>, <<"8C7A100A139FD57F17327B6413E4167AC559FBC04CA7448E9BE9057311597A1D">>},
 {<<"recon">>, <<"C108A4C406FA301A529151A3BB53158CADC4064EC0C5F99B03DDB8C0E4281BDF">>}]},
{pkg_hash_ext,[
 {<<"base32">>, <<"10A73951D857D8CB1ECEEA8EB96C6941F6A76E105947AD09C2B73977DEE07638">>},
 {<<"bear">>, <<"157B67901ADF84FF0DA6EAE035CA1292A0AC18AA55148154D8C582B2C68959DB">>},
 {<<"cowboy">>, <<"8A7ABE6D183372CEB21CAA2709BEC928AB2B72E18A3911AA1771639BEF82651E">>},
 {<<"cowlib">>, <<"E1E1284DC3FC030A64B1AD0D8382AE7E99DA46C3246B815318A4B848873800A4">>},
 {<<"dns_erlang">>, <<"DBCC00560CB76C49EB70C40F931BBA1177CFC28463FFED6303200CCF88BF2D6E">>},
 {<<"erldns">>, <<"AB13864D68DA8F28F556D032FD15CF954E8C63A202A835DFACD32CDDF04585CF">>},
 {<<"folsom">>, <<"DD6AB97278E94F9E4CFC43E188224A7B8C7EAEC0DD2E935007005177F3EEBB0E">>},
 {<<"goldrush">>, <<"99CB4128CFFCB3227581E5D4D803D5413FA643F4EB96523F77D9E6937D994CEB">>},
 {<<"iso8601">>, <<"A334469C07F1C219326BC891A95F5EEC8EB12DD8071A3FFF56A7843CB20FAE34">>},
 {<<"jsx">>, <<"0C5CC8FDC11B53CC25CF65AC6705AD39E54ECC56D1C22E4ADB8F5A53FB9427F3">>},
 {<<"lager">>, <<"7F904D9E87A8CB7E66156ED31768D1C8E26EBA1D54F4BC85B1AA4AC1F6340C28">>},
 {<<"ranch">>, <<"49FBCFD3682FAB1F5D109351B61257676DA1A2FDBE295904176D5E521A2DDFE5">>},
 {<<"recon">>, <<"632A6F447DF7CCC1A4A10BDCFCE71514412B16660FE59DECA0FCF0AA3C054404">>}]}
].
