[{<<"base32">>,
  {git,"https://github.com/dnsimple/base32_erlang.git",
       {ref,"40431a7480176b24863e18b92d9872e54c714df5"}},
  1},
 {<<"bear">>,
  {git,"git://github.com/boundary/bear.git",
       {ref,"119234548783af19b8ec75c879c5062676b92571"}},
  1},
 {<<"cowboy">>,
  {git,"git://github.com/extend/cowboy.git",
       {ref,"021f4f6069e5fae326bdfb0acb12c6500082fa44"}},
  0},
 {<<"cowlib">>,
  {git,"git://github.com/extend/cowlib.git",
       {ref,"d544a494af4dbc810fc9c15eaf5cc050cced1501"}},
  1},
 {<<"dns">>,
  {git,"git://github.com/dnsimple/dns_erlang.git",
       {ref,"b8eda2bf01f44ca71f93abd442db6ad2aa16fcf8"}},
  0},
 {<<"edown">>,
  {git,"git://github.com/uwiger/edown.git",
       {ref,"754be25f71a04099c83f3ffdff268e70beeb0021"}},
  3},
 {<<"erldns">>,
  {git,"git://github.com/dnsimple/erldns.git",
       {ref,"831241a0d24af79eea665737115b7905f1d8b37e"}},
  0},
 {<<"folsom">>,
  {git,"git://github.com/boundary/folsom.git",
       {ref,"8914823067c623d2839ecd6d17785ba94ad004c8"}},
  0},
 {<<"goldrush">>,
  {git,"https://github.com/basho/goldrush.git",
       {ref,"8f1b715d36b650ec1e1f5612c00e28af6ab0de82"}},
  1},
 {<<"iso8601">>,
  {git,"https://github.com/erlsci/iso8601.git",
       {ref,"d4bc1f4ccddad0dd509e25fe8a50e4db514d8d65"}},
  1},
 {<<"jsx">>,
  {git,"git://github.com/talentdeficit/jsx.git",
       {ref,"45ffea21a6863c58fb7da1f937e868916ff68b27"}},
  0},
 {<<"lager">>,
  {git,"git://github.com/basho/lager.git",
       {ref,"81eaef0ce98fdbf64ab95665e3bc2ec4b24c7dac"}},
  0},
 {<<"meck">>,
  {git,"git://github.com/eproxus/meck",
       {ref,"dde759050eff19a1a80fd854d7375174b191665d"}},
  1},
 {<<"parse_trans">>,
  {git,"git://github.com/uwiger/parse_trans.git",
       {ref,"4fadce8a5242479b4ebc0d2b5825bdfe1de0af1c"}},
  2},
 {<<"parse_xfrm_utils">>,
  {git,"git://github.com/sargun/parse_xfrm_utils.git",
       {ref,"409f727d81683dd397aafc3afd583d403e271baf"}},
  1},
 {<<"poolboy">>,
  {git,"git://github.com/devinus/poolboy.git",
       {ref,"d378f996182daa6251ad5438cee4d3f6eb7ea50f"}},
  1},
 {<<"proper">>,
  {git,"https://github.com/manopapad/proper.git",
       {ref,"646c0103280f09832ee1b164ae328037760bb2f0"}},
  1},
 {<<"ranch">>,
  {git,"git://github.com/extend/ranch.git",
       {ref,"adf1822defc2b7cfdc7aca112adabfa1d614043c"}},
  1},
 {<<"recon">>,
  {git,"git://github.com/ferd/recon.git",
       {ref,"3578fa86ad408d98e0512ded0b2f2c5b834a84ad"}},
  1}].
